
Microsoft Visual Studio Solution File, Format Version 12.00
# Visual Studio 14
VisualStudioVersion = 14.0.25420.1
MinimumVisualStudioVersion = 10.0.40219.1
Project("{FAE04EC0-301F-11D3-BF4B-00C04F79EFBC}") = "AdminMvcApp", "AdminMvcApp\AdminMvcApp.csproj", "{0A8999F4-B6CF-4A26-8D04-33C66E1ECBE7}"
EndProject
Project("{FAE04EC0-301F-11D3-BF4B-00C04F79EFBC}") = "AdminMvcApp.Tests", "AdminMvcApp.Tests\AdminMvcApp.Tests.csproj", "{1CFF7486-AC64-45B8-ABBB-24F5D44CDB87}"
EndProject
Global
	GlobalSection(SolutionConfigurationPlatforms) = preSolution
		Debug|Any CPU = Debug|Any CPU
		Release|Any CPU = Release|Any CPU
	EndGlobalSection
	GlobalSection(ProjectConfigurationPlatforms) = postSolution
		{0A8999F4-B6CF-4A26-8D04-33C66E1ECBE7}.Debug|Any CPU.ActiveCfg = Debug|Any CPU
		{0A8999F4-B6CF-4A26-8D04-33C66E1ECBE7}.Debug|Any CPU.Build.0 = Debug|Any CPU
		{0A8999F4-B6CF-4A26-8D04-33C66E1ECBE7}.Release|Any CPU.ActiveCfg = Release|Any CPU
		{0A8999F4-B6CF-4A26-8D04-33C66E1ECBE7}.Release|Any CPU.Build.0 = Release|Any CPU
		{1CFF7486-AC64-45B8-ABBB-24F5D44CDB87}.Debug|Any CPU.ActiveCfg = Debug|Any CPU
		{1CFF7486-AC64-45B8-ABBB-24F5D44CDB87}.Debug|Any CPU.Build.0 = Debug|Any CPU
		{1CFF7486-AC64-45B8-ABBB-24F5D44CDB87}.Release|Any CPU.ActiveCfg = Release|Any CPU
		{1CFF7486-AC64-45B8-ABBB-24F5D44CDB87}.Release|Any CPU.Build.0 = Release|Any CPU
	EndGlobalSection
	GlobalSection(SolutionProperties) = preSolution
		HideSolutionNode = FALSE
	EndGlobalSection
EndGlobal
